// !$*UTF8*$!
{
	archiveVersion = 1;
	classes = {
	};
	objectVersion = 54;
	objects = {

/* Begin PBXBuildFile section */
		00C302E0204A61630053085B /* AppDelegate.swift in Sources */ = {isa = PBXBuildFile; fileRef = 00C302DF204A61630053085B /* AppDelegate.swift */; };
		00C302E2204A61630053085B /* SceneDelegate.swift in Sources */ = {isa = PBXBuildFile; fileRef = 00C302E1204A61630053085B /* SceneDelegate.swift */; };
		00C302E4204A61630053085B /* ViewController.swift in Sources */ = {isa = PBXBuildFile; fileRef = 00C302E3204A61630053085B /* ViewController.swift */; };
		00C302E6204A61630053085B /* Assets.xcassets in Resources */ = {isa = PBXBuildFile; fileRef = 00C302E5204A61630053085B /* Assets.xcassets */; };
		00C302E8204A61630053085B /* LaunchScreen.storyboard in Resources */ = {isa = PBXBuildFile; fileRef = 00C302E7204A61630053085B /* LaunchScreen.storyboard */; };
		00C302EA204A61630053085B /* Main.storyboard in Resources */ = {isa = PBXBuildFile; fileRef = 00C302E9204A61630053085B /* Main.storyboard */; };
		00C302EC204A61630053085B /* Info.plist in Resources */ = {isa = PBXBuildFile; fileRef = 00C302EB204A61630053085B /* Info.plist */; };
		00E356E61AD99517003FC87E /* Capacitor.framework in Frameworks */ = {isa = PBXBuildFile; fileRef = 00E356E51AD99517003FC87E /* Capacitor.framework */; };
		00E356E81AD99517003FC87E /* Capacitor.framework in Embed Frameworks */ = {isa = PBXBuildFile; fileRef = 00E356E51AD99517003FC87E /* Capacitor.framework */; settings = {ATTRIBUTES = (CodeSignOnCopy, RemoveHeadersOnCopy); }; };
/* End PBXBuildFile section */

/* Begin PBXFileReference section */
		00C302DF204A61630053085B /* AppDelegate.swift */ = {isa = PBXFileReference; lastKnownFileType = sourcecode.swift; path = AppDelegate.swift; sourceTree = "<group>"; };
		00C302E1204A61630053085B /* SceneDelegate.swift */ = {isa = PBXFileReference; lastKnownFileType = sourcecode.swift; path = SceneDelegate.swift; sourceTree = "<group>"; };
		00C302E3204A61630053085B /* ViewController.swift */ = {isa = PBXFileReference; lastKnownFileType = sourcecode.swift; path = ViewController.swift; sourceTree = "<group>"; };
		00C302E5204A61630053085B /* Assets.xcassets */ = {isa = PBXFileReference; lastKnownFileType = folder.assetcatalog; path = Assets.xcassets; sourceTree = "<group>"; };
		00C302E7204A61630053085B /* LaunchScreen.storyboard */ = {isa = PBXFileReference; lastKnownFileType = file.storyboard; path = LaunchScreen.storyboard; sourceTree = "<group>"; };
		00C302E9204A61630053085B /* Main.storyboard */ = {isa = PBXFileReference; lastKnownFileType = file.storyboard; path = Main.storyboard; sourceTree = "<group>"; };
		00C302EB204A61630053085B /* Info.plist */ = {isa = PBXFileReference; lastKnownFileType = text.plist.xml; path = Info.plist; sourceTree = "<group>"; };
		00C302F0204A61630053085B /* App.xcodeproj */ = {isa = PBXFileReference; lastKnownFileType = "wrapper.pb-project"; name = App.xcodeproj; path = ../App.xcodeproj; sourceTree = SOURCE_ROOT; };
		00E356E51AD99517003FC87E /* Capacitor.framework */ = {isa = PBXFileReference; lastKnownFileType = wrapper.framework; name = Capacitor.framework; path = ../Capacitor/Capacitor/Capacitor.xcframework/ios-arm64/Capacitor.framework; sourceTree = SOURCE_ROOT; };
/* End PBXFileReference section */

/* Begin PBXFrameworksBuildPhase section */
		00C302D1204A61630053085B /* Frameworks */ = {
			isa = PBXFrameworksBuildPhase;
			buildActionMask = 2147483647;
			files = (
				00E356E61AD99517003FC87E /* Capacitor.framework in Frameworks */,
			);
			runOnlyForDeploymentPostprocessing = 0;
		};
/* End PBXFrameworksBuildPhase section */

/* Begin PBXGroup section */
		00C302D0204A61630053085B = {
			isa = PBXGroup;
			children = (
				00C302D2204A61630053085B /* App */,
				00C302F0204A61630053085B /* App.xcodeproj */,
			);
			sourceTree = "<group>";
		};
		00C302D2204A61630053085B /* App */ = {
			isa = PBXGroup;
			children = (
				00C302DF204A61630053085B /* AppDelegate.swift */,
				00C302E1204A61630053085B /* SceneDelegate.swift */,
				00C302E3204A61630053085B /* ViewController.swift */,
				00C302E5204A61630053085B /* Assets.xcassets */,
				00C302E7204A61630053085B /* LaunchScreen.storyboard */,
				00C302E9204A61630053085B /* Main.storyboard */,
				00C302EB204A61630053085B /* Info.plist */,
			);
			path = App;
			sourceTree = "<group>";
		};
/* End PBXGroup section */

/* Begin PBXNativeTarget section */
		00C302D3204A61630053085B /* App */ = {
			isa = PBXNativeTarget;
			buildConfigurationList = 00C302DD204A61630053085B /* Build configuration list for PBXNativeTarget "App" */;
			buildPhases = (
				00C302CF204A61630053085B /* Sources */,
				00C302D1204A61630053085B /* Frameworks */,
				00C302D5204A61630053085B /* Resources */,
				00C302D7204A61630053085B /* Embed Frameworks */,
			);
			buildRules = (
			);
			dependencies = (
			);
			name = App;
			productName = 言道学外语;
			productReference = 00C302D4204A61630053085B /* App.app */;
			productType = "com.apple.product-type.application";
		};
/* End PBXNativeTarget section */

/* Begin PBXProject section */
		00C302CE204A61630053085B /* Project object */ = {
			isa = PBXProject;
			attributes = {
				BuildIndependentTargetsInParallel = 1;
				LastUpgradeCheck = 1400;
				OrganizationName = "Yandao";
				TargetAttributes = {
					00C302D3204A61630053085B = {
						CreatedOnToolsVersion = 14.0;
						DevelopmentTeam = WM586465ZD;
						ProvisioningStyle = Automatic;
					};
				};
			};
			buildConfigurationList = 00C302DC204A61630053085B /* Build configuration list for PBXProject "App" */;
			compatibilityVersion = "Xcode 14.0";
			developmentRegion = "zh-CN";
			hasScannedForEncodings = 0;
			knownRegions = (
				"zh-CN",
				en,
				Base,
			);
			productRefGroup = 00C302D6204A61630053085B /* Products */;
			projectDirPath = "";
			projectRoot = "";
			targets = (
				00C302D3204A61630053085B /* App */,
			);
		};
/* End PBXProject section */

/* Begin PBXResourcesBuildPhase section */
		00C302D5204A61630053085B /* Resources */ = {
			isa = PBXResourcesBuildPhase;
			buildActionMask = 2147483647;
			files = (
				00C302E6204A61630053085B /* Assets.xcassets in Resources */,
				00C302E8204A61630053085B /* LaunchScreen.storyboard in Resources */,
				00C302EA204A61630053085B /* Main.storyboard in Resources */,
				00C302EC204A61630053085B /* Info.plist in Resources */,
			);
			runOnlyForDeploymentPostprocessing = 0;
		};
/* End PBXResourcesBuildPhase section */

/* Begin PBXShellScriptBuildPhase section */
		00C302D7204A61630053085B /* Embed Frameworks */ = {
			isa = PBXShellScriptBuildPhase;
			buildActionMask = 2147483647;
			files = (
				00E356E81AD99517003FC87E /* Capacitor.framework in Embed Frameworks */,
			);
			inputPaths = (
			);
			name = "Embed Frameworks";
			outputPaths = (
			);
			runOnlyForDeploymentPostprocessing = 0;
			shellPath = /bin/sh;
			shellScript = "\"${SRCROOT}/../Capacitor/ios/scripts/copy-frameworks.sh\"";
		};
/* End PBXShellScriptBuildPhase section */

/* Begin PBXSourcesBuildPhase section */
		00C302CF204A61630053085B /* Sources */ = {
			isa = PBXSourcesBuildPhase;
			buildActionMask = 2147483647;
			files = (
				00C302E0204A61630053085B /* AppDelegate.swift in Sources */,
				00C302E2204A61630053085B /* SceneDelegate.swift in Sources */,
				00C302E4204A61630053085B /* ViewController.swift in Sources */,
			);
			runOnlyForDeploymentPostprocessing = 0;
		};
/* End PBXSourcesBuildPhase section */

/* Begin XCBuildConfiguration section */
		00C302DE204A61630053085B /* Debug */ = {
			isa = XCBuildConfiguration;
			buildSettings = {
				ASSETCATALOG_COMPILER_APPICON_NAME = AppIcon;
				CLANG_ANALYZER_NONNULL = YES;
				CLANG_ANALYZER_NUMBER_OBJECT_CONVERSION = YES_AGGRESSIVE;
				CLANG_ENABLE_MODULES = YES;
				CLANG_ENABLE_OBJC_ARC = YES;
				CLANG_WARN_BLOCK_CAPTURE_AUTORELEASING = YES;
				CLANG_WARN_BOOL_CONVERSION = YES;
				CLANG_WARN_CONSTANT_CONVERSION = YES;
				CLANG_WARN_DEPRECATED_OBJC_IMPLEMENTATIONS = YES;
				CLANG_WARN_DIRECT_OBJC_ISA_USAGE = YES_ERROR;
				CLANG_WARN_DOCUMENTATION_COMMENTS = YES;
				CLANG_WARN_EMPTY_BODY = YES;
				CLANG_WARN_ENUM_CONVERSION = YES;
				CLANG_WARN_INFINITE_RECURSION = YES;
				CLANG_WARN_INT_CONVERSION = YES;
				CLANG_WARN_NON_LITERAL_NULL_CONVERSION = YES;
				CLANG_WARN_OBJC_LITERAL_CONVERSION = YES;
				CLANG_WARN_OBJC_ROOT_CLASS = YES_ERROR;
				CLANG_WARN_QUOTED_INCLUDE_IN_FRAMEWORK_HEADER = YES;
				CLANG_WARN_STRICT_PROTOTYPES = YES;
				CLANG_WARN_UNGUARDED_AVAILABILITY = YES_AGGRESSIVE;
				CODE_SIGN_ENTITLEMENTS = App/App.entitlements;
				CODE_SIGN_IDENTITY = "Apple Development";
				CODE_SIGN_STYLE = Automatic;
				CURRENT_PROJECT_VERSION = 1;
				DEVELOPMENT_TEAM = WM586465ZD;
				ENABLE_STRICT_OBJC_MSGSEND = YES;
				ENABLE_TESTABILITY = YES;
				GCC_C_LANGUAGE_STANDARD = gnu17;
				GCC_DYNAMIC_NO_PIC = NO;
				GCC_OPTIMIZATION_LEVEL = 0;
				GCC_PREPROCESSOR_DEFINITIONS = (
					"DEBUG=1",
					"$(inherited)",
				);
				GCC_WARN_64_TO_32_BIT_CONVERSION = YES;
				GCC_WARN_ABOUT_RETURN_TYPE = YES_ERROR;
				GCC_WARN_UNDECLARED_SELECTOR = YES;
				GCC_WARN_UNINITIALIZED_AUTOS = YES_AGGRESSIVE;
				GCC_WARN_UNUSED_FUNCTION = YES;
				GCC_WARN_UNUSED_VARIABLE = YES;
				INFOPLIST_FILE = App/Info.plist;
				IPHONEOS_DEPLOYMENT_TARGET = 13.0;
				LD_RUNPATH_SEARCH_PATHS = (
					"$(inherited)",
					"@executable_path/Frameworks",
				);
				MTL_ENABLE_DEBUG_INFO = INCLUDE_SOURCE;
				MTL_FAST_MATH = YES;
				ONLY_ACTIVE_ARCH = YES;
				OTHER_CFLAGS = (
					"-fembed-bitcode-marker",
				);
				OTHER_LDFLAGS = (
					"-ObjC",
				);
				PRODUCT_BUNDLE_IDENTIFIER = com.yandao.language;
				PRODUCT_NAME = "言道学外语";
				SDKROOT = iphoneos;
				SWIFT_ACTIVE_COMPILATION_CONDITIONS = DEBUG;
				SWIFT_OPTIMIZATION_LEVEL = "-Onone";
				TARGETED_DEVICE_FAMILY = "1,2";
				VERSIONING_SYSTEM = "apple-generic";
			};
			name = Debug;
		};
		00C302DF204A61630053085B /* Release */ = {
			isa = XCBuildConfiguration;
			buildSettings = {
				ASSETCATALOG_COMPILER_APPICON_NAME = AppIcon;
				CLANG_ANALYZER_NONNULL = YES;
				CLANG_ANALYZER_NUMBER_OBJECT_CONVERSION = YES_AGGRESSIVE;
				CLANG_ENABLE_MODULES = YES;
				CLANG_ENABLE_OBJC_ARC = YES;
				CLANG_WARN_BLOCK_CAPTURE_AUTORELEASING = YES;
				CLANG_WARN_BOOL_CONVERSION = YES;
				CLANG_WARN_CONSTANT_CONVERSION = YES;
				CLANG_WARN_DEPRECATED_OBJC_IMPLEMENTATIONS = YES;
				CLANG_WARN_DIRECT_OBJC_ISA_USAGE = YES_ERROR;
				CLANG_WARN_DOCUMENTATION_COMMENTS = YES;
				CLANG_WARN_EMPTY_BODY = YES;
				CLANG_WARN_ENUM_CONVERSION = YES;
				CLANG_WARN_INFINITE_RECURSION = YES;
				CLANG_WARN_INT_CONVERSION = YES;
				CLANG_WARN_NON_LITERAL_NULL_CONVERSION = YES;
				CLANG_WARN_OBJC_LITERAL_CONVERSION = YES;
				CLANG_WARN_OBJC_ROOT_CLASS = YES_ERROR;
				CLANG_WARN_QUOTED_INCLUDE_IN_FRAMEWORK_HEADER = YES;
				CLANG_WARN_STRICT_PROTOTYPES = YES;
				CLANG_WARN_UNGUARDED_AVAILABILITY = YES_AGGRESSIVE;
				CODE_SIGN_ENTITLEMENTS = App/App.entitlements;
				CODE_SIGN_IDENTITY = "Apple Distribution";
				CODE_SIGN_STYLE = Automatic;
				CURRENT_PROJECT_VERSION = 1;
				DEVELOPMENT_TEAM = WM586465ZD;
				ENABLE_NS_ASSERTIONS = NO;
				ENABLE_STRICT_OBJC_MSGSEND = YES;
				GCC_C_LANGUAGE_STANDARD = gnu17;
				GCC_PREPROCESSOR_DEFINITIONS = (
					"$(inherited)",
				);
				GCC_WARN_64_TO_32_BIT_CONVERSION = YES;
				GCC_WARN_ABOUT_RETURN_TYPE = YES_ERROR;
				GCC_WARN_UNDECLARED_SELECTOR = YES;
				GCC_WARN_UNINITIALIZED_AUTOS = YES_AGGRESSIVE;
				GCC_WARN_UNUSED_FUNCTION = YES;
				GCC_WARN_UNUSED_VARIABLE = YES;
				INFOPLIST_FILE = App/Info.plist;
				IPHONEOS_DEPLOYMENT_TARGET = 13.0;
				LD_RUNPATH_SEARCH_PATHS = (
					"$(inherited)",
					"@executable_path/Frameworks",
				);
				MTL_ENABLE_DEBUG_INFO = NO;
				MTL_FAST_MATH = YES;
				OTHER_CFLAGS = (
					"-fembed-bitcode",
				);
				OTHER_LDFLAGS = (
					"-ObjC",
				);
				PRODUCT_BUNDLE_IDENTIFIER = com.yandao.language;
				PRODUCT_NAME = "言道学外语";
				SDKROOT = iphoneos;
				SWIFT_COMPILATION_MODE = wholemodule;
				SWIFT_OPTIMIZATION_LEVEL = "-O";
				TARGETED_DEVICE_FAMILY = "1,2";
				VERSIONING_SYSTEM = "apple-generic";
			};
			name = Release;
		};
		00C302DC204A61630053085B /* Build configuration list for PBXProject "App" */ = {
			isa = XCConfigurationList;
			buildConfigurations = (
				00C302DE204A61630053085B /* Debug */,
				00C302DF204A61630053085B /* Release */,
			);
			defaultConfigurationIsVisible = 0;
			defaultConfigurationName = Release;
		};
		00C302DD204A61630053085B /* Build configuration list for PBXNativeTarget "App" */ = {
			isa = XCConfigurationList;
			buildConfigurations = (
				00C302DE204A61630053085B /* Debug */,
				00C302DF204A61630053085B /* Release */,
			);
			defaultConfigurationIsVisible = 0;
			defaultConfigurationName = Release;
		};
/* End XCBuildConfiguration section */

/* Begin XCVersionGroup section */
		00C302D6204A61630053085B /* Products */ = {
			isa = XCVersionGroup;
			children = (
				00C302D4204A61630053085B /* App.app */,
			);
			name = Products;
			sourceTree = "<group>";
		};
/* End XCVersionGroup section */

		00C302D4204A61630053085B /* App.app */ = {isa = PBXFileReference; explicitFileType = "wrapper.application"; includeInIndex = 0; path = App.app; sourceTree = BUILT_PRODUCTS_DIR; };
	};
	rootObject = 00C302CE204A61630053085B /* Project object */;
}